
Microsoft Visual Studio Solution File, Format Version 12.00
# Visual Studio Version 16
VisualStudioVersion = 16.0.34031.81
MinimumVisualStudioVersion = 10.0.40219.1
Project("{FAE04EC0-301F-11D3-BF4B-00C04F79EFBC}") = "BT00", "BT00\BT00.csproj", "{22DE79C4-0EE2-47EA-8B73-D2FF9BF27C5F}"
EndProject
Project("{FAE04EC0-301F-11D3-BF4B-00C04F79EFBC}") = "BT01_BindingPhai_SQL", "BT01_BindingPhai_SQL\BT01_BindingPhai_SQL.csproj", "{7A0E1C81-028E-4C30-9336-279817361C5F}"
EndProject
Project("{FAE04EC0-301F-11D3-BF4B-00C04F79EFBC}") = "BT01_DataGridView_1", "BT01_DataGridView_1\BT01_DataGridView_1.csproj", "{BB12E61B-A484-4D43-BA8B-49CA9416C4FA}"
EndProject
Project("{FAE04EC0-301F-11D3-BF4B-00C04F79EFBC}") = "BT02_DataGridView_2", "BT03_DataGridView_2\BT02_DataGridView_2.csproj", "{35F2C71A-D28E-419B-A8CC-132D2C2206D4}"
EndProject
Project("{FAE04EC0-301F-11D3-BF4B-00C04F79EFBC}") = "BT04_DataGridView_3", "BT04_DataGridView_3\BT04_DataGridView_3.csproj", "{2E233F20-432F-406A-89AC-BF7D20A79D1C}"
EndProject
Project("{FAE04EC0-301F-11D3-BF4B-00C04F79EFBC}") = "BT05_DataGridView_4_SQLServer", "BT05_DataGridView_4_SQLServer\BT05_DataGridView_4_SQLServer.csproj", "{860E9804-17B3-4A4A-8063-B3FCEBF2FBB5}"
EndProject
Project("{FAE04EC0-301F-11D3-BF4B-00C04F79EFBC}") = "BT06_MonHoc_Dataset_CoDinhKieu", "BT06_MonHoc_Dataset_CoDinhKieu\BT06_MonHoc_Dataset_CoDinhKieu.csproj", "{1AB80032-F4D6-411B-9396-CB9701C8A83F}"
EndProject
Global
	GlobalSection(SolutionConfigurationPlatforms) = preSolution
		Debug|Any CPU = Debug|Any CPU
		Release|Any CPU = Release|Any CPU
	EndGlobalSection
	GlobalSection(ProjectConfigurationPlatforms) = postSolution
		{22DE79C4-0EE2-47EA-8B73-D2FF9BF27C5F}.Debug|Any CPU.ActiveCfg = Debug|Any CPU
		{22DE79C4-0EE2-47EA-8B73-D2FF9BF27C5F}.Debug|Any CPU.Build.0 = Debug|Any CPU
		{22DE79C4-0EE2-47EA-8B73-D2FF9BF27C5F}.Release|Any CPU.ActiveCfg = Release|Any CPU
		{22DE79C4-0EE2-47EA-8B73-D2FF9BF27C5F}.Release|Any CPU.Build.0 = Release|Any CPU
		{7A0E1C81-028E-4C30-9336-279817361C5F}.Debug|Any CPU.ActiveCfg = Debug|Any CPU
		{7A0E1C81-028E-4C30-9336-279817361C5F}.Debug|Any CPU.Build.0 = Debug|Any CPU
		{7A0E1C81-028E-4C30-9336-279817361C5F}.Release|Any CPU.ActiveCfg = Release|Any CPU
		{7A0E1C81-028E-4C30-9336-279817361C5F}.Release|Any CPU.Build.0 = Release|Any CPU
		{BB12E61B-A484-4D43-BA8B-49CA9416C4FA}.Debug|Any CPU.ActiveCfg = Debug|Any CPU
		{BB12E61B-A484-4D43-BA8B-49CA9416C4FA}.Debug|Any CPU.Build.0 = Debug|Any CPU
		{BB12E61B-A484-4D43-BA8B-49CA9416C4FA}.Release|Any CPU.ActiveCfg = Release|Any CPU
		{BB12E61B-A484-4D43-BA8B-49CA9416C4FA}.Release|Any CPU.Build.0 = Release|Any CPU
		{35F2C71A-D28E-419B-A8CC-132D2C2206D4}.Debug|Any CPU.ActiveCfg = Debug|Any CPU
		{35F2C71A-D28E-419B-A8CC-132D2C2206D4}.Debug|Any CPU.Build.0 = Debug|Any CPU
		{35F2C71A-D28E-419B-A8CC-132D2C2206D4}.Release|Any CPU.ActiveCfg = Release|Any CPU
		{35F2C71A-D28E-419B-A8CC-132D2C2206D4}.Release|Any CPU.Build.0 = Release|Any CPU
		{2E233F20-432F-406A-89AC-BF7D20A79D1C}.Debug|Any CPU.ActiveCfg = Debug|Any CPU
		{2E233F20-432F-406A-89AC-BF7D20A79D1C}.Debug|Any CPU.Build.0 = Debug|Any CPU
		{2E233F20-432F-406A-89AC-BF7D20A79D1C}.Release|Any CPU.ActiveCfg = Release|Any CPU
		{2E233F20-432F-406A-89AC-BF7D20A79D1C}.Release|Any CPU.Build.0 = Release|Any CPU
		{860E9804-17B3-4A4A-8063-B3FCEBF2FBB5}.Debug|Any CPU.ActiveCfg = Debug|Any CPU
		{860E9804-17B3-4A4A-8063-B3FCEBF2FBB5}.Debug|Any CPU.Build.0 = Debug|Any CPU
		{860E9804-17B3-4A4A-8063-B3FCEBF2FBB5}.Release|Any CPU.ActiveCfg = Release|Any CPU
		{860E9804-17B3-4A4A-8063-B3FCEBF2FBB5}.Release|Any CPU.Build.0 = Release|Any CPU
		{1AB80032-F4D6-411B-9396-CB9701C8A83F}.Debug|Any CPU.ActiveCfg = Debug|Any CPU
		{1AB80032-F4D6-411B-9396-CB9701C8A83F}.Debug|Any CPU.Build.0 = Debug|Any CPU
		{1AB80032-F4D6-411B-9396-CB9701C8A83F}.Release|Any CPU.ActiveCfg = Release|Any CPU
		{1AB80032-F4D6-411B-9396-CB9701C8A83F}.Release|Any CPU.Build.0 = Release|Any CPU
	EndGlobalSection
	GlobalSection(SolutionProperties) = preSolution
		HideSolutionNode = FALSE
	EndGlobalSection
	GlobalSection(ExtensibilityGlobals) = postSolution
		SolutionGuid = {BE3D69ED-5566-468A-9763-27EFFE62C8F4}
	EndGlobalSection
EndGlobal
